{
  "name": "websocket",
  "lockfileVersion": 2,
  "requires": true,
  "packages": {
    "": {
      "dependencies": {
        "qu": "^0.1.0",
        "simplesets": "^1.2.0",
        "ws": "^8.18.0"
      }
    },
    "node_modules/qu": {
      "version": "0.1.0",
      "resolved": "https://registry.npmjs.org/qu/-/qu-0.1.0.tgz",
      "integrity": "sha512-NCXF+AWArzRE5x5Q+Z6ET+rRePJHDuCu2xG3Xosg+Cu5QBfBPHYM1u3Ovp4O8YE5gRzd3CUL8EyRuOv3D2+53A==",
      "engines": {
        "node": "*"
      }
    },
    "node_modules/simplesets": {
      "version": "1.2.0",
      "resolved": "https://registry.npmjs.org/simplesets/-/simplesets-1.2.0.tgz",
      "integrity": "sha512-dMvnx/ITjxvdPJiCo2ZtISG6bNuQ8+Hk7/NYGPcEcA4q2sO2WrMSkNHMKkL6dhRYPHjr5oGWDWnHVogkOPHdgg==",
      "engines": {
        "node": "*"
      }
    },
    "node_modules/ws": {
      "version": "8.18.0",
      "resolved": "https://registry.npmjs.org/ws/-/ws-8.18.0.tgz",
      "integrity": "sha512-8VbfWfHLbbwu3+N6OKsOMpBdT4kXPDDB9cJk2bJ6mh9ucxdlnNvH1e+roYkKmN9Nxw2yjz7VzeO9oOz2zJ04Pw==",
      "engines": {
        "node": ">=10.0.0"
      },
      "peerDependencies": {
        "bufferutil": "^4.0.1",
        "utf-8-validate": ">=5.0.2"
      },
      "peerDependenciesMeta": {
        "bufferutil": {
          "optional": true
        },
        "utf-8-validate": {
          "optional": true
        }
      }
    }
  },
  "dependencies": {
    "qu": {
      "version": "0.1.0",
      "resolved": "https://registry.npmjs.org/qu/-/qu-0.1.0.tgz",
      "integrity": "sha512-NCXF+AWArzRE5x5Q+Z6ET+rRePJHDuCu2xG3Xosg+Cu5QBfBPHYM1u3Ovp4O8YE5gRzd3CUL8EyRuOv3D2+53A=="
    },
    "simplesets": {
      "version": "1.2.0",
      "resolved": "https://registry.npmjs.org/simplesets/-/simplesets-1.2.0.tgz",
      "integrity": "sha512-dMvnx/ITjxvdPJiCo2ZtISG6bNuQ8+Hk7/NYGPcEcA4q2sO2WrMSkNHMKkL6dhRYPHjr5oGWDWnHVogkOPHdgg=="
    },
    "ws": {
      "version": "8.18.0",
      "resolved": "https://registry.npmjs.org/ws/-/ws-8.18.0.tgz",
      "integrity": "sha512-8VbfWfHLbbwu3+N6OKsOMpBdT4kXPDDB9cJk2bJ6mh9ucxdlnNvH1e+roYkKmN9Nxw2yjz7VzeO9oOz2zJ04Pw==",
      "requires": {}
    }
  }
}
